<?xml version="1.0" encoding="utf-8"?>
<Project ToolsVersion="4.0" xmlns="http://schemas.microsoft.com/developer/msbuild/2003">
  <ItemGroup>
    <Filter Include="Engine">
      <UniqueIdentifier>{DBC7D3B0-C769-FE86-B024-12DB9C6585D7}</UniqueIdentifier>
    </Filter>
  </ItemGroup>
  <ItemGroup>
    <ClCompile Include="source\SandboxApp.cpp" />
    <ClCompile Include="source\Sandbox2D.cpp" />
    <ClCompile Include="source\PixelGame.cpp" />
  </ItemGroup>
  <ItemGroup>
    <ClInclude Include="source\Sandbox2D.h" />
    <ClInclude Include="source\PixelGame.h" />
  </ItemGroup>
</Project>