<?xml version="1.0" encoding="utf-8"?>
<Project ToolsVersion="4.0" xmlns="http://schemas.microsoft.com/developer/msbuild/2003">
  <ItemGroup>
    <Filter Include="include">
      <UniqueIdentifier>{89AF369E-F58E-B539-FEA6-40106A051C9B}</UniqueIdentifier>
    </Filter>
    <Filter Include="include\box2d">
      <UniqueIdentifier>{972CF7A4-03ED-72DB-CC27-BC5838A7B7B7}</UniqueIdentifier>
    </Filter>
    <Filter Include="src">
      <UniqueIdentifier>{2DAB880B-99B4-887C-2230-9F7C8E38947C}</UniqueIdentifier>
    </Filter>
  </ItemGroup>
  <ItemGroup>
    <ClInclude Include="EvaEngine\vendor\Box2D\include\box2d\base.h">
      <Filter>include\box2d</Filter>
    </ClInclude>
    <ClInclude Include="EvaEngine\vendor\Box2D\include\box2d\box2d.h">
      <Filter>include\box2d</Filter>
    </ClInclude>
    <ClInclude Include="EvaEngine\vendor\Box2D\include\box2d\collision.h">
      <Filter>include\box2d</Filter>
    </ClInclude>
    <ClInclude Include="EvaEngine\vendor\Box2D\include\box2d\id.h">
      <Filter>include\box2d</Filter>
    </ClInclude>
    <ClInclude Include="EvaEngine\vendor\Box2D\include\box2d\math_functions.h">
      <Filter>include\box2d</Filter>
    </ClInclude>
    <ClInclude Include="EvaEngine\vendor\Box2D\include\box2d\types.h">
      <Filter>include\box2d</Filter>
    </ClInclude>
    <ClInclude Include="EvaEngine\vendor\Box2D\src\aabb.h">
      <Filter>src</Filter>
    </ClInclude>
    <ClInclude Include="EvaEngine\vendor\Box2D\src\arena_allocator.h">
      <Filter>src</Filter>
    </ClInclude>
    <ClInclude Include="EvaEngine\vendor\Box2D\src\array.h">
      <Filter>src</Filter>
    </ClInclude>
    <ClInclude Include="EvaEngine\vendor\Box2D\src\atomic.h">
      <Filter>src</Filter>
    </ClInclude>
    <ClInclude Include="EvaEngine\vendor\Box2D\src\bitset.h">
      <Filter>src</Filter>
    </ClInclude>
    <ClInclude Include="EvaEngine\vendor\Box2D\src\body.h">
      <Filter>src</Filter>
    </ClInclude>
    <ClInclude Include="EvaEngine\vendor\Box2D\src\broad_phase.h">
      <Filter>src</Filter>
    </ClInclude>
    <ClInclude Include="EvaEngine\vendor\Box2D\src\constants.h">
      <Filter>src</Filter>
    </ClInclude>
    <ClInclude Include="EvaEngine\vendor\Box2D\src\constraint_graph.h">
      <Filter>src</Filter>
    </ClInclude>
    <ClInclude Include="EvaEngine\vendor\Box2D\src\contact.h">
      <Filter>src</Filter>
    </ClInclude>
    <ClInclude Include="EvaEngine\vendor\Box2D\src\contact_solver.h">
      <Filter>src</Filter>
    </ClInclude>
    <ClInclude Include="EvaEngine\vendor\Box2D\src\core.h">
      <Filter>src</Filter>
    </ClInclude>
    <ClInclude Include="EvaEngine\vendor\Box2D\src\ctz.h">
      <Filter>src</Filter>
    </ClInclude>
    <ClInclude Include="EvaEngine\vendor\Box2D\src\id_pool.h">
      <Filter>src</Filter>
    </ClInclude>
    <ClInclude Include="EvaEngine\vendor\Box2D\src\island.h">
      <Filter>src</Filter>
    </ClInclude>
    <ClInclude Include="EvaEngine\vendor\Box2D\src\joint.h">
      <Filter>src</Filter>
    </ClInclude>
    <ClInclude Include="EvaEngine\vendor\Box2D\src\sensor.h">
      <Filter>src</Filter>
    </ClInclude>
    <ClInclude Include="EvaEngine\vendor\Box2D\src\shape.h">
      <Filter>src</Filter>
    </ClInclude>
    <ClInclude Include="EvaEngine\vendor\Box2D\src\solver.h">
      <Filter>src</Filter>
    </ClInclude>
    <ClInclude Include="EvaEngine\vendor\Box2D\src\solver_set.h">
      <Filter>src</Filter>
    </ClInclude>
    <ClInclude Include="EvaEngine\vendor\Box2D\src\table.h">
      <Filter>src</Filter>
    </ClInclude>
    <ClInclude Include="EvaEngine\vendor\Box2D\src\world.h">
      <Filter>src</Filter>
    </ClInclude>
  </ItemGroup>
  <ItemGroup>
    <ClCompile Include="EvaEngine\vendor\Box2D\src\aabb.c">
      <Filter>src</Filter>
    </ClCompile>
    <ClCompile Include="EvaEngine\vendor\Box2D\src\arena_allocator.c">
      <Filter>src</Filter>
    </ClCompile>
    <ClCompile Include="EvaEngine\vendor\Box2D\src\array.c">
      <Filter>src</Filter>
    </ClCompile>
    <ClCompile Include="EvaEngine\vendor\Box2D\src\bitset.c">
      <Filter>src</Filter>
    </ClCompile>
    <ClCompile Include="EvaEngine\vendor\Box2D\src\body.c">
      <Filter>src</Filter>
    </ClCompile>
    <ClCompile Include="EvaEngine\vendor\Box2D\src\broad_phase.c">
      <Filter>src</Filter>
    </ClCompile>
    <ClCompile Include="EvaEngine\vendor\Box2D\src\constraint_graph.c">
      <Filter>src</Filter>
    </ClCompile>
    <ClCompile Include="EvaEngine\vendor\Box2D\src\contact.c">
      <Filter>src</Filter>
    </ClCompile>
    <ClCompile Include="EvaEngine\vendor\Box2D\src\contact_solver.c">
      <Filter>src</Filter>
    </ClCompile>
    <ClCompile Include="EvaEngine\vendor\Box2D\src\core.c">
      <Filter>src</Filter>
    </ClCompile>
    <ClCompile Include="EvaEngine\vendor\Box2D\src\distance.c">
      <Filter>src</Filter>
    </ClCompile>
    <ClCompile Include="EvaEngine\vendor\Box2D\src\distance_joint.c">
      <Filter>src</Filter>
    </ClCompile>
    <ClCompile Include="EvaEngine\vendor\Box2D\src\dynamic_tree.c">
      <Filter>src</Filter>
    </ClCompile>
    <ClCompile Include="EvaEngine\vendor\Box2D\src\geometry.c">
      <Filter>src</Filter>
    </ClCompile>
    <ClCompile Include="EvaEngine\vendor\Box2D\src\hull.c">
      <Filter>src</Filter>
    </ClCompile>
    <ClCompile Include="EvaEngine\vendor\Box2D\src\id_pool.c">
      <Filter>src</Filter>
    </ClCompile>
    <ClCompile Include="EvaEngine\vendor\Box2D\src\island.c">
      <Filter>src</Filter>
    </ClCompile>
    <ClCompile Include="EvaEngine\vendor\Box2D\src\joint.c">
      <Filter>src</Filter>
    </ClCompile>
    <ClCompile Include="EvaEngine\vendor\Box2D\src\manifold.c">
      <Filter>src</Filter>
    </ClCompile>
    <ClCompile Include="EvaEngine\vendor\Box2D\src\math_functions.c">
      <Filter>src</Filter>
    </ClCompile>
    <ClCompile Include="EvaEngine\vendor\Box2D\src\motor_joint.c">
      <Filter>src</Filter>
    </ClCompile>
    <ClCompile Include="EvaEngine\vendor\Box2D\src\mouse_joint.c">
      <Filter>src</Filter>
    </ClCompile>
    <ClCompile Include="EvaEngine\vendor\Box2D\src\prismatic_joint.c">
      <Filter>src</Filter>
    </ClCompile>
    <ClCompile Include="EvaEngine\vendor\Box2D\src\revolute_joint.c">
      <Filter>src</Filter>
    </ClCompile>
    <ClCompile Include="EvaEngine\vendor\Box2D\src\sensor.c">
      <Filter>src</Filter>
    </ClCompile>
    <ClCompile Include="EvaEngine\vendor\Box2D\src\shape.c">
      <Filter>src</Filter>
    </ClCompile>
    <ClCompile Include="EvaEngine\vendor\Box2D\src\solver.c">
      <Filter>src</Filter>
    </ClCompile>
    <ClCompile Include="EvaEngine\vendor\Box2D\src\solver_set.c">
      <Filter>src</Filter>
    </ClCompile>
    <ClCompile Include="EvaEngine\vendor\Box2D\src\table.c">
      <Filter>src</Filter>
    </ClCompile>
    <ClCompile Include="EvaEngine\vendor\Box2D\src\timer.c">
      <Filter>src</Filter>
    </ClCompile>
    <ClCompile Include="EvaEngine\vendor\Box2D\src\types.c">
      <Filter>src</Filter>
    </ClCompile>
    <ClCompile Include="EvaEngine\vendor\Box2D\src\weld_joint.c">
      <Filter>src</Filter>
    </ClCompile>
    <ClCompile Include="EvaEngine\vendor\Box2D\src\wheel_joint.c">
      <Filter>src</Filter>
    </ClCompile>
    <ClCompile Include="EvaEngine\vendor\Box2D\src\world.c">
      <Filter>src</Filter>
    </ClCompile>
  </ItemGroup>
</Project>