<?xml version="1.0" encoding="utf-8"?>
<Project ToolsVersion="4.0" xmlns="http://schemas.microsoft.com/developer/msbuild/2003">
  <ItemGroup>
    <Filter Include="Systems">
      <UniqueIdentifier>{1DDE831B-89BD-02B7-92D5-8D8DFE336918}</UniqueIdentifier>
    </Filter>
    <Filter Include="Systems\Collision">
      <UniqueIdentifier>{781B2B44-E431-29DA-2DA9-B4FB99FEF961}</UniqueIdentifier>
    </Filter>
    <Filter Include="Systems\Combat">
      <UniqueIdentifier>{2218844A-0EE6-7750-F779-E876E3E653B5}</UniqueIdentifier>
    </Filter>
    <Filter Include="Systems\Combat\Weapon">
      <UniqueIdentifier>{DB1AF44E-4787-AF49-107B-47A77CA6D1B1}</UniqueIdentifier>
    </Filter>
    <Filter Include="Systems\NPC">
      <UniqueIdentifier>{CDC06AD8-3976-E3CD-C26A-DDA42E1FDAD1}</UniqueIdentifier>
    </Filter>
    <Filter Include="Systems\NPC\Death">
      <UniqueIdentifier>{A26C87C4-0E83-855A-57FA-107CC34F56E2}</UniqueIdentifier>
    </Filter>
    <Filter Include="Systems\NPC\NPCAnimation">
      <UniqueIdentifier>{FDCB8A3A-E9F0-D9BA-123C-BF4AFEBFD8D8}</UniqueIdentifier>
    </Filter>
    <Filter Include="Systems\NPC\NPCState">
      <UniqueIdentifier>{5E6B7C28-4AFA-05F2-F318-1AEDDF861698}</UniqueIdentifier>
    </Filter>
    <Filter Include="Systems\NPC\NPCState\Utils">
      <UniqueIdentifier>{3EFBA8E4-2A0B-55B5-93C4-B9D37FF3434E}</UniqueIdentifier>
    </Filter>
    <Filter Include="Systems\Physics">
      <UniqueIdentifier>{8FAE4A74-FB39-B838-044B-3B2D70551439}</UniqueIdentifier>
    </Filter>
    <Filter Include="Systems\Player">
      <UniqueIdentifier>{99AC9A68-857A-8E6E-6E0E-FF945A7B6AD3}</UniqueIdentifier>
    </Filter>
    <Filter Include="Systems\Player\Animation">
      <UniqueIdentifier>{C8B81EDD-B4DD-6D5D-DD28-53EDC9AC6C7B}</UniqueIdentifier>
    </Filter>
    <Filter Include="Systems\Player\Camera">
      <UniqueIdentifier>{F1FA0CAB-5D67-C8A5-265B-60039286EA0D}</UniqueIdentifier>
    </Filter>
    <Filter Include="Systems\Spawning">
      <UniqueIdentifier>{334F87F2-1F48-A644-487A-8BC934D28550}</UniqueIdentifier>
    </Filter>
    <Filter Include="Systems\UI">
      <UniqueIdentifier>{2AD86F8A-1690-B1D7-7F97-8A336B6E4CC8}</UniqueIdentifier>
    </Filter>
    <Filter Include="Systems\Vehicle">
      <UniqueIdentifier>{6C6CEF39-D8F7-5CFE-E108-E0F24D13B9FE}</UniqueIdentifier>
    </Filter>
  </ItemGroup>
  <ItemGroup>
    <ClInclude Include="..\source\PixelGame.h" />
    <ClInclude Include="..\source\Systems\Collision\PlayerCollisionSystem.h">
      <Filter>Systems\Collision</Filter>
    </ClInclude>
    <ClInclude Include="..\source\Systems\Collision\VehicleCollisionSystem.h">
      <Filter>Systems\Collision</Filter>
    </ClInclude>
    <ClInclude Include="..\source\Systems\Combat\HealthSystem.h">
      <Filter>Systems\Combat</Filter>
    </ClInclude>
    <ClInclude Include="..\source\Systems\Combat\PlayerWeaponSystem.h">
      <Filter>Systems\Combat</Filter>
    </ClInclude>
    <ClInclude Include="..\source\Systems\Combat\ProjectileSystem.h">
      <Filter>Systems\Combat</Filter>
    </ClInclude>
    <ClInclude Include="..\source\Systems\Combat\ThrowableSystem.h">
      <Filter>Systems\Combat</Filter>
    </ClInclude>
    <ClInclude Include="..\source\Systems\Combat\Weapon\EquippedWeaponAttachSystem.h">
      <Filter>Systems\Combat\Weapon</Filter>
    </ClInclude>
    <ClInclude Include="..\source\Systems\NPC\Death\NPCDeathCleanupSystem.h">
      <Filter>Systems\NPC\Death</Filter>
    </ClInclude>
    <ClInclude Include="..\source\Systems\NPC\NPCAIVisionSystem.h">
      <Filter>Systems\NPC</Filter>
    </ClInclude>
    <ClInclude Include="..\source\Systems\NPC\NPCAnimation\NPCAnimationControllerSystem.h">
      <Filter>Systems\NPC\NPCAnimation</Filter>
    </ClInclude>
    <ClInclude Include="..\source\Systems\NPC\NPCState\NpcAIStateSystem.h">
      <Filter>Systems\NPC\NPCState</Filter>
    </ClInclude>
    <ClInclude Include="..\source\Systems\NPC\NPCState\NpcBodyStateSystem.h">
      <Filter>Systems\NPC\NPCState</Filter>
    </ClInclude>
    <ClInclude Include="..\source\Systems\NPC\NPCState\Utils\NPCStateUtils.h">
      <Filter>Systems\NPC\NPCState\Utils</Filter>
    </ClInclude>
    <ClInclude Include="..\source\Systems\NPC\NpcAIMovementSystem.h">
      <Filter>Systems\NPC</Filter>
    </ClInclude>
    <ClInclude Include="..\source\Systems\Physics\PhysicsSystem.h">
      <Filter>Systems\Physics</Filter>
    </ClInclude>
    <ClInclude Include="..\source\Systems\Player\Animation\CharacterAnimStateSystem.h">
      <Filter>Systems\Player\Animation</Filter>
    </ClInclude>
    <ClInclude Include="..\source\Systems\Player\Animation\CharacterAnimationControllerSystem.h">
      <Filter>Systems\Player\Animation</Filter>
    </ClInclude>
    <ClInclude Include="..\source\Systems\Player\Camera\PlayerCameraSystem.h">
      <Filter>Systems\Player\Camera</Filter>
    </ClInclude>
    <ClInclude Include="..\source\Systems\Player\CharacterControllerSystem.h">
      <Filter>Systems\Player</Filter>
    </ClInclude>
    <ClInclude Include="..\source\Systems\Player\PlayerMovementSystem.h">
      <Filter>Systems\Player</Filter>
    </ClInclude>
    <ClInclude Include="..\source\Systems\Spawning\NpcSpawnControllerSystem.h">
      <Filter>Systems\Spawning</Filter>
    </ClInclude>
    <ClInclude Include="..\source\Systems\Spawning\WeaponSpawnSystem.h">
      <Filter>Systems\Spawning</Filter>
    </ClInclude>
    <ClInclude Include="..\source\Systems\UI\HUDSystem.h">
      <Filter>Systems\UI</Filter>
    </ClInclude>
    <ClInclude Include="..\source\Systems\UI\HUDWidgets.h">
      <Filter>Systems\UI</Filter>
    </ClInclude>
    <ClInclude Include="..\source\Systems\Vehicle\VehicleSystem.h">
      <Filter>Systems\Vehicle</Filter>
    </ClInclude>
  </ItemGroup>
  <ItemGroup>
    <ClCompile Include="..\source\PixelGame.cpp" />
    <ClCompile Include="..\source\SandboxApp.cpp" />
    <ClCompile Include="..\source\Systems\Collision\PlayerCollisionSystem.cpp">
      <Filter>Systems\Collision</Filter>
    </ClCompile>
    <ClCompile Include="..\source\Systems\Collision\VehicleCollisionSystem.cpp">
      <Filter>Systems\Collision</Filter>
    </ClCompile>
    <ClCompile Include="..\source\Systems\Combat\HealthSystem.cpp">
      <Filter>Systems\Combat</Filter>
    </ClCompile>
    <ClCompile Include="..\source\Systems\Combat\PlayerWeaponSystem.cpp">
      <Filter>Systems\Combat</Filter>
    </ClCompile>
    <ClCompile Include="..\source\Systems\Combat\ProjectileSystem.cpp">
      <Filter>Systems\Combat</Filter>
    </ClCompile>
    <ClCompile Include="..\source\Systems\Combat\ThrowableSystem.cpp">
      <Filter>Systems\Combat</Filter>
    </ClCompile>
    <ClCompile Include="..\source\Systems\Combat\Weapon\EquippedWeaponAttachSystem.cpp">
      <Filter>Systems\Combat\Weapon</Filter>
    </ClCompile>
    <ClCompile Include="..\source\Systems\NPC\Death\NPCDeathCleanupSystem.cpp">
      <Filter>Systems\NPC\Death</Filter>
    </ClCompile>
    <ClCompile Include="..\source\Systems\NPC\NPCAIVisionSystem.cpp">
      <Filter>Systems\NPC</Filter>
    </ClCompile>
    <ClCompile Include="..\source\Systems\NPC\NPCAnimation\NPCAnimationControllerSystem.cpp">
      <Filter>Systems\NPC\NPCAnimation</Filter>
    </ClCompile>
    <ClCompile Include="..\source\Systems\NPC\NPCState\NpcAIStateSystem.cpp">
      <Filter>Systems\NPC\NPCState</Filter>
    </ClCompile>
    <ClCompile Include="..\source\Systems\NPC\NPCState\NpcBodyStateSystem.cpp">
      <Filter>Systems\NPC\NPCState</Filter>
    </ClCompile>
    <ClCompile Include="..\source\Systems\NPC\NPCState\Utils\NPCStateUtils.cpp">
      <Filter>Systems\NPC\NPCState\Utils</Filter>
    </ClCompile>
    <ClCompile Include="..\source\Systems\NPC\NpcAIMovementSystem.cpp">
      <Filter>Systems\NPC</Filter>
    </ClCompile>
    <ClCompile Include="..\source\Systems\Physics\PhysicsSystem.cpp">
      <Filter>Systems\Physics</Filter>
    </ClCompile>
    <ClCompile Include="..\source\Systems\Player\Animation\CharacterAnimStateSystem.cpp">
      <Filter>Systems\Player\Animation</Filter>
    </ClCompile>
    <ClCompile Include="..\source\Systems\Player\Animation\CharacterAnimationControllerSystem.cpp">
      <Filter>Systems\Player\Animation</Filter>
    </ClCompile>
    <ClCompile Include="..\source\Systems\Player\Camera\PlayerCameraSystem.cpp">
      <Filter>Systems\Player\Camera</Filter>
    </ClCompile>
    <ClCompile Include="..\source\Systems\Player\CharacterControllerSystem.cpp">
      <Filter>Systems\Player</Filter>
    </ClCompile>
    <ClCompile Include="..\source\Systems\Player\PlayerMovementSystem.cpp">
      <Filter>Systems\Player</Filter>
    </ClCompile>
    <ClCompile Include="..\source\Systems\Spawning\NpcSpawnControllerSystem.cpp">
      <Filter>Systems\Spawning</Filter>
    </ClCompile>
    <ClCompile Include="..\source\Systems\Spawning\WeaponSpawnSystem.cpp">
      <Filter>Systems\Spawning</Filter>
    </ClCompile>
    <ClCompile Include="..\source\Systems\UI\HUDSystem.cpp">
      <Filter>Systems\UI</Filter>
    </ClCompile>
    <ClCompile Include="..\source\Systems\Vehicle\VehicleSystem.cpp">
      <Filter>Systems\Vehicle</Filter>
    </ClCompile>
  </ItemGroup>
</Project>