<?xml version="1.0" encoding="utf-8"?>
<Project ToolsVersion="4.0" xmlns="http://schemas.microsoft.com/developer/msbuild/2003">
  <ItemGroup>
    <Filter Include="Panels">
      <UniqueIdentifier>{A80D95C9-94AF-BF9F-7D6A-D3F369AB46F0}</UniqueIdentifier>
    </Filter>
    <Filter Include="Panels\Utils">
      <UniqueIdentifier>{08AD8892-F40F-1837-9D95-50ED89D7E3B9}</UniqueIdentifier>
    </Filter>
  </ItemGroup>
  <ItemGroup>
    <ClInclude Include="source\EditorApp.h" />
    <ClInclude Include="source\EditorLayer.h" />
    <ClInclude Include="source\FPSCounter.h" />
    <ClInclude Include="source\Panels\ContentBrowserPanel.h">
      <Filter>Panels</Filter>
    </ClInclude>
    <ClInclude Include="source\Panels\DebugPanel.h">
      <Filter>Panels</Filter>
    </ClInclude>
    <ClInclude Include="source\Panels\SceneHierarchyPanel.h">
      <Filter>Panels</Filter>
    </ClInclude>
    <ClInclude Include="source\Panels\TileEditorPanel.h">
      <Filter>Panels</Filter>
    </ClInclude>
    <ClInclude Include="source\Panels\Utils\EditorDebugUtils.h">
      <Filter>Panels\Utils</Filter>
    </ClInclude>
    <ClInclude Include="source\Panels\Utils\EditorUtils.h">
      <Filter>Panels\Utils</Filter>
    </ClInclude>
  </ItemGroup>
  <ItemGroup>
    <ClCompile Include="source\EditorApp.cpp" />
    <ClCompile Include="source\EditorLayer.cpp" />
    <ClCompile Include="source\Panels\ContentBrowserPanel.cpp">
      <Filter>Panels</Filter>
    </ClCompile>
    <ClCompile Include="source\Panels\DebugPanel.cpp">
      <Filter>Panels</Filter>
    </ClCompile>
    <ClCompile Include="source\Panels\SceneHierarchyPanel.cpp">
      <Filter>Panels</Filter>
    </ClCompile>
    <ClCompile Include="source\Panels\TileEditorPanel.cpp">
      <Filter>Panels</Filter>
    </ClCompile>
    <ClCompile Include="source\Panels\Utils\EditorDebugUtils.cpp">
      <Filter>Panels\Utils</Filter>
    </ClCompile>
    <ClCompile Include="source\Panels\Utils\EditorUtils.cpp">
      <Filter>Panels\Utils</Filter>
    </ClCompile>
  </ItemGroup>
</Project>